
Microsoft Visual Studio Solution File, Format Version 12.00
# Visual Studio Version 17
VisualStudioVersion = 17.0.31903.59
MinimumVisualStudioVersion = 10.0.40219.1
Project("{FAE04EC0-301F-11D3-BF4B-00C04F79EFBC}") = "UavPms.UnitTests", "UavPms.UnitTests\UavPms.UnitTests.csproj", "{D4CEFD91-AAC6-49BE-84BB-1193AAA83E03}"
EndProject
Project("{FAE04EC0-301F-11D3-BF4B-00C04F79EFBC}") = "UavPms.ApiGateway", "UavPms.ApiGateway\UavPms.ApiGateway.csproj", "{627E30E6-CBD4-433B-B0E3-5917749921BF}"
EndProject
Project("{2150E333-8FDC-42A3-9474-1A3956D46DE8}") = "Services", "Services", "{A22212B6-89D8-4046-98FF-3BEFE12CE427}"
EndProject
Project("{FAE04EC0-301F-11D3-BF4B-00C04F79EFBC}") = "UavPms.NotificationService", "Services\NotificationService\UavPms.NotificationService.csproj", "{BA701236-6842-4736-A7E6-14586ED65AF8}"
EndProject
Project("{FAE04EC0-301F-11D3-BF4B-00C04F79EFBC}") = "UavPms.InspectionEvaluationService", "Services\InspectionEvaluationService\UavPms.InspectionEvaluationService.csproj", "{50E7F23C-ECD0-4923-B4CE-1383B752FF7D}"
EndProject
Project("{2150E333-8FDC-42A3-9474-1A3956D46DE8}") = "Shared", "Shared", "{9EF78E0C-6611-4F61-8D3D-6088C69C14D7}"
EndProject
Project("{FAE04EC0-301F-11D3-BF4B-00C04F79EFBC}") = "UavPms.Shared.Contracts", "Shared\UavPms.Shared.Contracts\UavPms.Shared.Contracts.csproj", "{4E4C25B7-245F-4456-A557-CC71749E0B97}"
EndProject
Project("{2150E333-8FDC-42A3-9474-1A3956D46DE8}") = "IdentityService", "IdentityService", "{A59D41F8-8150-4D71-B68C-EC425F67B3BB}"
EndProject
Project("{FAE04EC0-301F-11D3-BF4B-00C04F79EFBC}") = "UavPms.IdentityService.Domain", "Services\IdentityService\UavPms.IdentityService.Domain\UavPms.IdentityService.Domain.csproj", "{C268584A-B383-430E-8157-F177A5D583D4}"
EndProject
Project("{FAE04EC0-301F-11D3-BF4B-00C04F79EFBC}") = "UavPms.IdentityService.Application", "Services\IdentityService\UavPms.IdentityService.Application\UavPms.IdentityService.Application.csproj", "{996734D3-74E5-4C30-8447-A877CA6DF5CB}"
EndProject
Project("{FAE04EC0-301F-11D3-BF4B-00C04F79EFBC}") = "UavPms.IdentityService.Infrastructure", "Services\IdentityService\UavPms.IdentityService.Infrastructure\UavPms.IdentityService.Infrastructure.csproj", "{FC1E941E-A7AB-4168-9673-902733129AEF}"
EndProject
Project("{FAE04EC0-301F-11D3-BF4B-00C04F79EFBC}") = "UavPms.IdentityService.API", "Services\IdentityService\UavPms.IdentityService.API\UavPms.IdentityService.API.csproj", "{DEBA95C8-56DF-4426-9EE2-EF79C885B8AF}"
EndProject
Project("{FAE04EC0-301F-11D3-BF4B-00C04F79EFBC}") = "UavPms.IdentityService.Tests", "Services\IdentityService\UavPms.IdentityService.Tests\UavPms.IdentityService.Tests.csproj", "{CA27EEF7-97F9-4586-8E71-02772B08BEDA}"
EndProject
Project("{2150E333-8FDC-42A3-9474-1A3956D46DE8}") = "OperationsService", "OperationsService", "{5651A7A0-C4E2-4547-8F26-6D80A33B1D74}"
EndProject
Project("{FAE04EC0-301F-11D3-BF4B-00C04F79EFBC}") = "UavPms.OperationsService.Domain", "Services\OperationsService\UavPms.OperationsService.Domain\UavPms.OperationsService.Domain.csproj", "{D88ACDE7-842A-486C-ADDB-687DF6C5FE6F}"
EndProject
Project("{FAE04EC0-301F-11D3-BF4B-00C04F79EFBC}") = "UavPms.OperationsService.Application", "Services\OperationsService\UavPms.OperationsService.Application\UavPms.OperationsService.Application.csproj", "{47093D3C-5177-4309-AF65-C6CA3AA18F9D}"
EndProject
Project("{FAE04EC0-301F-11D3-BF4B-00C04F79EFBC}") = "UavPms.OperationsService.Infrastructure", "Services\OperationsService\UavPms.OperationsService.Infrastructure\UavPms.OperationsService.Infrastructure.csproj", "{6E8DD099-A666-44E2-B089-BBC6E9CD699C}"
EndProject
Project("{FAE04EC0-301F-11D3-BF4B-00C04F79EFBC}") = "UavPms.OperationsService.API", "Services\OperationsService\UavPms.OperationsService.API\UavPms.OperationsService.API.csproj", "{EC65AF84-6009-4CC0-81F7-B758E663C387}"
EndProject
Project("{FAE04EC0-301F-11D3-BF4B-00C04F79EFBC}") = "UavPms.OperationsService.Tests", "Services\OperationsService\UavPms.OperationsService.Tests\UavPms.OperationsService.Tests.csproj", "{886A74C9-52C9-4360-A78B-23DBBEDBC666}"
EndProject
Project("{2150E333-8FDC-42A3-9474-1A3956D46DE8}") = "AIInspectionService", "AIInspectionService", "{017AC1CE-05D4-4277-B1AF-BBC64E328A31}"
EndProject
Project("{FAE04EC0-301F-11D3-BF4B-00C04F79EFBC}") = "UavPms.AIInspectionService.Domain", "Services\AIInspectionService\UavPms.AIInspectionService.Domain\UavPms.AIInspectionService.Domain.csproj", "{EBEEFC46-CC5C-4A66-83E8-77B9D45AB934}"
EndProject
Project("{FAE04EC0-301F-11D3-BF4B-00C04F79EFBC}") = "UavPms.AIInspectionService.Application", "Services\AIInspectionService\UavPms.AIInspectionService.Application\UavPms.AIInspectionService.Application.csproj", "{B220B144-DD7E-4F00-8B09-C6F2CDBC70A1}"
EndProject
Project("{FAE04EC0-301F-11D3-BF4B-00C04F79EFBC}") = "UavPms.AIInspectionService.Infrastructure", "Services\AIInspectionService\UavPms.AIInspectionService.Infrastructure\UavPms.AIInspectionService.Infrastructure.csproj", "{3E78F930-208E-46BD-A7F8-5F80B3A33671}"
EndProject
Project("{FAE04EC0-301F-11D3-BF4B-00C04F79EFBC}") = "UavPms.AIInspectionService.API", "Services\AIInspectionService\UavPms.AIInspectionService.API\UavPms.AIInspectionService.API.csproj", "{6FEDE498-3FA2-459C-A6B5-559611143474}"
EndProject
Project("{FAE04EC0-301F-11D3-BF4B-00C04F79EFBC}") = "UavPms.AIInspectionService.Tests", "Services\AIInspectionService\UavPms.AIInspectionService.Tests\UavPms.AIInspectionService.Tests.csproj", "{E8BBAB69-E7ED-4086-9C2F-DBA9F96EC314}"
EndProject
Global
	GlobalSection(SolutionConfigurationPlatforms) = preSolution
		Debug|Any CPU = Debug|Any CPU
		Debug|x64 = Debug|x64
		Debug|x86 = Debug|x86
		Release|Any CPU = Release|Any CPU
		Release|x64 = Release|x64
		Release|x86 = Release|x86
	EndGlobalSection
	GlobalSection(ProjectConfigurationPlatforms) = postSolution
		{D4CEFD91-AAC6-49BE-84BB-1193AAA83E03}.Debug|Any CPU.ActiveCfg = Debug|Any CPU
		{D4CEFD91-AAC6-49BE-84BB-1193AAA83E03}.Debug|Any CPU.Build.0 = Debug|Any CPU
		{D4CEFD91-AAC6-49BE-84BB-1193AAA83E03}.Debug|x64.ActiveCfg = Debug|Any CPU
		{D4CEFD91-AAC6-49BE-84BB-1193AAA83E03}.Debug|x64.Build.0 = Debug|Any CPU
		{D4CEFD91-AAC6-49BE-84BB-1193AAA83E03}.Debug|x86.ActiveCfg = Debug|Any CPU
		{D4CEFD91-AAC6-49BE-84BB-1193AAA83E03}.Debug|x86.Build.0 = Debug|Any CPU
		{D4CEFD91-AAC6-49BE-84BB-1193AAA83E03}.Release|Any CPU.ActiveCfg = Release|Any CPU
		{D4CEFD91-AAC6-49BE-84BB-1193AAA83E03}.Release|Any CPU.Build.0 = Release|Any CPU
		{D4CEFD91-AAC6-49BE-84BB-1193AAA83E03}.Release|x64.ActiveCfg = Release|Any CPU
		{D4CEFD91-AAC6-49BE-84BB-1193AAA83E03}.Release|x64.Build.0 = Release|Any CPU
		{D4CEFD91-AAC6-49BE-84BB-1193AAA83E03}.Release|x86.ActiveCfg = Release|Any CPU
		{D4CEFD91-AAC6-49BE-84BB-1193AAA83E03}.Release|x86.Build.0 = Release|Any CPU
		{627E30E6-CBD4-433B-B0E3-5917749921BF}.Debug|Any CPU.ActiveCfg = Debug|Any CPU
		{627E30E6-CBD4-433B-B0E3-5917749921BF}.Debug|Any CPU.Build.0 = Debug|Any CPU
		{627E30E6-CBD4-433B-B0E3-5917749921BF}.Debug|x64.ActiveCfg = Debug|Any CPU
		{627E30E6-CBD4-433B-B0E3-5917749921BF}.Debug|x64.Build.0 = Debug|Any CPU
		{627E30E6-CBD4-433B-B0E3-5917749921BF}.Debug|x86.ActiveCfg = Debug|Any CPU
		{627E30E6-CBD4-433B-B0E3-5917749921BF}.Debug|x86.Build.0 = Debug|Any CPU
		{627E30E6-CBD4-433B-B0E3-5917749921BF}.Release|Any CPU.ActiveCfg = Release|Any CPU
		{627E30E6-CBD4-433B-B0E3-5917749921BF}.Release|Any CPU.Build.0 = Release|Any CPU
		{627E30E6-CBD4-433B-B0E3-5917749921BF}.Release|x64.ActiveCfg = Release|Any CPU
		{627E30E6-CBD4-433B-B0E3-5917749921BF}.Release|x64.Build.0 = Release|Any CPU
		{627E30E6-CBD4-433B-B0E3-5917749921BF}.Release|x86.ActiveCfg = Release|Any CPU
		{627E30E6-CBD4-433B-B0E3-5917749921BF}.Release|x86.Build.0 = Release|Any CPU
		{BA701236-6842-4736-A7E6-14586ED65AF8}.Debug|Any CPU.ActiveCfg = Debug|Any CPU
		{BA701236-6842-4736-A7E6-14586ED65AF8}.Debug|Any CPU.Build.0 = Debug|Any CPU
		{BA701236-6842-4736-A7E6-14586ED65AF8}.Debug|x64.ActiveCfg = Debug|Any CPU
		{BA701236-6842-4736-A7E6-14586ED65AF8}.Debug|x64.Build.0 = Debug|Any CPU
		{BA701236-6842-4736-A7E6-14586ED65AF8}.Debug|x86.ActiveCfg = Debug|Any CPU
		{BA701236-6842-4736-A7E6-14586ED65AF8}.Debug|x86.Build.0 = Debug|Any CPU
		{BA701236-6842-4736-A7E6-14586ED65AF8}.Release|Any CPU.ActiveCfg = Release|Any CPU
		{BA701236-6842-4736-A7E6-14586ED65AF8}.Release|Any CPU.Build.0 = Release|Any CPU
		{BA701236-6842-4736-A7E6-14586ED65AF8}.Release|x64.ActiveCfg = Release|Any CPU
		{BA701236-6842-4736-A7E6-14586ED65AF8}.Release|x64.Build.0 = Release|Any CPU
		{BA701236-6842-4736-A7E6-14586ED65AF8}.Release|x86.ActiveCfg = Release|Any CPU
		{BA701236-6842-4736-A7E6-14586ED65AF8}.Release|x86.Build.0 = Release|Any CPU
		{50E7F23C-ECD0-4923-B4CE-1383B752FF7D}.Debug|Any CPU.ActiveCfg = Debug|Any CPU
		{50E7F23C-ECD0-4923-B4CE-1383B752FF7D}.Debug|Any CPU.Build.0 = Debug|Any CPU
		{50E7F23C-ECD0-4923-B4CE-1383B752FF7D}.Debug|x64.ActiveCfg = Debug|Any CPU
		{50E7F23C-ECD0-4923-B4CE-1383B752FF7D}.Debug|x64.Build.0 = Debug|Any CPU
		{50E7F23C-ECD0-4923-B4CE-1383B752FF7D}.Debug|x86.ActiveCfg = Debug|Any CPU
		{50E7F23C-ECD0-4923-B4CE-1383B752FF7D}.Debug|x86.Build.0 = Debug|Any CPU
		{50E7F23C-ECD0-4923-B4CE-1383B752FF7D}.Release|Any CPU.ActiveCfg = Release|Any CPU
		{50E7F23C-ECD0-4923-B4CE-1383B752FF7D}.Release|Any CPU.Build.0 = Release|Any CPU
		{50E7F23C-ECD0-4923-B4CE-1383B752FF7D}.Release|x64.ActiveCfg = Release|Any CPU
		{50E7F23C-ECD0-4923-B4CE-1383B752FF7D}.Release|x64.Build.0 = Release|Any CPU
		{50E7F23C-ECD0-4923-B4CE-1383B752FF7D}.Release|x86.ActiveCfg = Release|Any CPU
		{50E7F23C-ECD0-4923-B4CE-1383B752FF7D}.Release|x86.Build.0 = Release|Any CPU
		{4E4C25B7-245F-4456-A557-CC71749E0B97}.Debug|Any CPU.ActiveCfg = Debug|Any CPU
		{4E4C25B7-245F-4456-A557-CC71749E0B97}.Debug|Any CPU.Build.0 = Debug|Any CPU
		{4E4C25B7-245F-4456-A557-CC71749E0B97}.Debug|x64.ActiveCfg = Debug|Any CPU
		{4E4C25B7-245F-4456-A557-CC71749E0B97}.Debug|x64.Build.0 = Debug|Any CPU
		{4E4C25B7-245F-4456-A557-CC71749E0B97}.Debug|x86.ActiveCfg = Debug|Any CPU
		{4E4C25B7-245F-4456-A557-CC71749E0B97}.Debug|x86.Build.0 = Debug|Any CPU
		{4E4C25B7-245F-4456-A557-CC71749E0B97}.Release|Any CPU.ActiveCfg = Release|Any CPU
		{4E4C25B7-245F-4456-A557-CC71749E0B97}.Release|Any CPU.Build.0 = Release|Any CPU
		{4E4C25B7-245F-4456-A557-CC71749E0B97}.Release|x64.ActiveCfg = Release|Any CPU
		{4E4C25B7-245F-4456-A557-CC71749E0B97}.Release|x64.Build.0 = Release|Any CPU
		{4E4C25B7-245F-4456-A557-CC71749E0B97}.Release|x86.ActiveCfg = Release|Any CPU
		{4E4C25B7-245F-4456-A557-CC71749E0B97}.Release|x86.Build.0 = Release|Any CPU
		{C268584A-B383-430E-8157-F177A5D583D4}.Debug|Any CPU.ActiveCfg = Debug|Any CPU
		{C268584A-B383-430E-8157-F177A5D583D4}.Debug|Any CPU.Build.0 = Debug|Any CPU
		{C268584A-B383-430E-8157-F177A5D583D4}.Debug|x64.ActiveCfg = Debug|Any CPU
		{C268584A-B383-430E-8157-F177A5D583D4}.Debug|x64.Build.0 = Debug|Any CPU
		{C268584A-B383-430E-8157-F177A5D583D4}.Debug|x86.ActiveCfg = Debug|Any CPU
		{C268584A-B383-430E-8157-F177A5D583D4}.Debug|x86.Build.0 = Debug|Any CPU
		{C268584A-B383-430E-8157-F177A5D583D4}.Release|Any CPU.ActiveCfg = Release|Any CPU
		{C268584A-B383-430E-8157-F177A5D583D4}.Release|Any CPU.Build.0 = Release|Any CPU
		{C268584A-B383-430E-8157-F177A5D583D4}.Release|x64.ActiveCfg = Release|Any CPU
		{C268584A-B383-430E-8157-F177A5D583D4}.Release|x64.Build.0 = Release|Any CPU
		{C268584A-B383-430E-8157-F177A5D583D4}.Release|x86.ActiveCfg = Release|Any CPU
		{C268584A-B383-430E-8157-F177A5D583D4}.Release|x86.Build.0 = Release|Any CPU
		{996734D3-74E5-4C30-8447-A877CA6DF5CB}.Debug|Any CPU.ActiveCfg = Debug|Any CPU
		{996734D3-74E5-4C30-8447-A877CA6DF5CB}.Debug|Any CPU.Build.0 = Debug|Any CPU
		{996734D3-74E5-4C30-8447-A877CA6DF5CB}.Debug|x64.ActiveCfg = Debug|Any CPU
		{996734D3-74E5-4C30-8447-A877CA6DF5CB}.Debug|x64.Build.0 = Debug|Any CPU
		{996734D3-74E5-4C30-8447-A877CA6DF5CB}.Debug|x86.ActiveCfg = Debug|Any CPU
		{996734D3-74E5-4C30-8447-A877CA6DF5CB}.Debug|x86.Build.0 = Debug|Any CPU
		{996734D3-74E5-4C30-8447-A877CA6DF5CB}.Release|Any CPU.ActiveCfg = Release|Any CPU
		{996734D3-74E5-4C30-8447-A877CA6DF5CB}.Release|Any CPU.Build.0 = Release|Any CPU
		{996734D3-74E5-4C30-8447-A877CA6DF5CB}.Release|x64.ActiveCfg = Release|Any CPU
		{996734D3-74E5-4C30-8447-A877CA6DF5CB}.Release|x64.Build.0 = Release|Any CPU
		{996734D3-74E5-4C30-8447-A877CA6DF5CB}.Release|x86.ActiveCfg = Release|Any CPU
		{996734D3-74E5-4C30-8447-A877CA6DF5CB}.Release|x86.Build.0 = Release|Any CPU
		{FC1E941E-A7AB-4168-9673-902733129AEF}.Debug|Any CPU.ActiveCfg = Debug|Any CPU
		{FC1E941E-A7AB-4168-9673-902733129AEF}.Debug|Any CPU.Build.0 = Debug|Any CPU
		{FC1E941E-A7AB-4168-9673-902733129AEF}.Debug|x64.ActiveCfg = Debug|Any CPU
		{FC1E941E-A7AB-4168-9673-902733129AEF}.Debug|x64.Build.0 = Debug|Any CPU
		{FC1E941E-A7AB-4168-9673-902733129AEF}.Debug|x86.ActiveCfg = Debug|Any CPU
		{FC1E941E-A7AB-4168-9673-902733129AEF}.Debug|x86.Build.0 = Debug|Any CPU
		{FC1E941E-A7AB-4168-9673-902733129AEF}.Release|Any CPU.ActiveCfg = Release|Any CPU
		{FC1E941E-A7AB-4168-9673-902733129AEF}.Release|Any CPU.Build.0 = Release|Any CPU
		{FC1E941E-A7AB-4168-9673-902733129AEF}.Release|x64.ActiveCfg = Release|Any CPU
		{FC1E941E-A7AB-4168-9673-902733129AEF}.Release|x64.Build.0 = Release|Any CPU
		{FC1E941E-A7AB-4168-9673-902733129AEF}.Release|x86.ActiveCfg = Release|Any CPU
		{FC1E941E-A7AB-4168-9673-902733129AEF}.Release|x86.Build.0 = Release|Any CPU
		{DEBA95C8-56DF-4426-9EE2-EF79C885B8AF}.Debug|Any CPU.ActiveCfg = Debug|Any CPU
		{DEBA95C8-56DF-4426-9EE2-EF79C885B8AF}.Debug|Any CPU.Build.0 = Debug|Any CPU
		{DEBA95C8-56DF-4426-9EE2-EF79C885B8AF}.Debug|x64.ActiveCfg = Debug|Any CPU
		{DEBA95C8-56DF-4426-9EE2-EF79C885B8AF}.Debug|x64.Build.0 = Debug|Any CPU
		{DEBA95C8-56DF-4426-9EE2-EF79C885B8AF}.Debug|x86.ActiveCfg = Debug|Any CPU
		{DEBA95C8-56DF-4426-9EE2-EF79C885B8AF}.Debug|x86.Build.0 = Debug|Any CPU
		{DEBA95C8-56DF-4426-9EE2-EF79C885B8AF}.Release|Any CPU.ActiveCfg = Release|Any CPU
		{DEBA95C8-56DF-4426-9EE2-EF79C885B8AF}.Release|Any CPU.Build.0 = Release|Any CPU
		{DEBA95C8-56DF-4426-9EE2-EF79C885B8AF}.Release|x64.ActiveCfg = Release|Any CPU
		{DEBA95C8-56DF-4426-9EE2-EF79C885B8AF}.Release|x64.Build.0 = Release|Any CPU
		{DEBA95C8-56DF-4426-9EE2-EF79C885B8AF}.Release|x86.ActiveCfg = Release|Any CPU
		{DEBA95C8-56DF-4426-9EE2-EF79C885B8AF}.Release|x86.Build.0 = Release|Any CPU
		{CA27EEF7-97F9-4586-8E71-02772B08BEDA}.Debug|Any CPU.ActiveCfg = Debug|Any CPU
		{CA27EEF7-97F9-4586-8E71-02772B08BEDA}.Debug|Any CPU.Build.0 = Debug|Any CPU
		{CA27EEF7-97F9-4586-8E71-02772B08BEDA}.Debug|x64.ActiveCfg = Debug|Any CPU
		{CA27EEF7-97F9-4586-8E71-02772B08BEDA}.Debug|x64.Build.0 = Debug|Any CPU
		{CA27EEF7-97F9-4586-8E71-02772B08BEDA}.Debug|x86.ActiveCfg = Debug|Any CPU
		{CA27EEF7-97F9-4586-8E71-02772B08BEDA}.Debug|x86.Build.0 = Debug|Any CPU
		{CA27EEF7-97F9-4586-8E71-02772B08BEDA}.Release|Any CPU.ActiveCfg = Release|Any CPU
		{CA27EEF7-97F9-4586-8E71-02772B08BEDA}.Release|Any CPU.Build.0 = Release|Any CPU
		{CA27EEF7-97F9-4586-8E71-02772B08BEDA}.Release|x64.ActiveCfg = Release|Any CPU
		{CA27EEF7-97F9-4586-8E71-02772B08BEDA}.Release|x64.Build.0 = Release|Any CPU
		{CA27EEF7-97F9-4586-8E71-02772B08BEDA}.Release|x86.ActiveCfg = Release|Any CPU
		{CA27EEF7-97F9-4586-8E71-02772B08BEDA}.Release|x86.Build.0 = Release|Any CPU
		{D88ACDE7-842A-486C-ADDB-687DF6C5FE6F}.Debug|Any CPU.ActiveCfg = Debug|Any CPU
		{D88ACDE7-842A-486C-ADDB-687DF6C5FE6F}.Debug|Any CPU.Build.0 = Debug|Any CPU
		{D88ACDE7-842A-486C-ADDB-687DF6C5FE6F}.Debug|x64.ActiveCfg = Debug|Any CPU
		{D88ACDE7-842A-486C-ADDB-687DF6C5FE6F}.Debug|x64.Build.0 = Debug|Any CPU
		{D88ACDE7-842A-486C-ADDB-687DF6C5FE6F}.Debug|x86.ActiveCfg = Debug|Any CPU
		{D88ACDE7-842A-486C-ADDB-687DF6C5FE6F}.Debug|x86.Build.0 = Debug|Any CPU
		{D88ACDE7-842A-486C-ADDB-687DF6C5FE6F}.Release|Any CPU.ActiveCfg = Release|Any CPU
		{D88ACDE7-842A-486C-ADDB-687DF6C5FE6F}.Release|Any CPU.Build.0 = Release|Any CPU
		{D88ACDE7-842A-486C-ADDB-687DF6C5FE6F}.Release|x64.ActiveCfg = Release|Any CPU
		{D88ACDE7-842A-486C-ADDB-687DF6C5FE6F}.Release|x64.Build.0 = Release|Any CPU
		{D88ACDE7-842A-486C-ADDB-687DF6C5FE6F}.Release|x86.ActiveCfg = Release|Any CPU
		{D88ACDE7-842A-486C-ADDB-687DF6C5FE6F}.Release|x86.Build.0 = Release|Any CPU
		{47093D3C-5177-4309-AF65-C6CA3AA18F9D}.Debug|Any CPU.ActiveCfg = Debug|Any CPU
		{47093D3C-5177-4309-AF65-C6CA3AA18F9D}.Debug|Any CPU.Build.0 = Debug|Any CPU
		{47093D3C-5177-4309-AF65-C6CA3AA18F9D}.Debug|x64.ActiveCfg = Debug|Any CPU
		{47093D3C-5177-4309-AF65-C6CA3AA18F9D}.Debug|x64.Build.0 = Debug|Any CPU
		{47093D3C-5177-4309-AF65-C6CA3AA18F9D}.Debug|x86.ActiveCfg = Debug|Any CPU
		{47093D3C-5177-4309-AF65-C6CA3AA18F9D}.Debug|x86.Build.0 = Debug|Any CPU
		{47093D3C-5177-4309-AF65-C6CA3AA18F9D}.Release|Any CPU.ActiveCfg = Release|Any CPU
		{47093D3C-5177-4309-AF65-C6CA3AA18F9D}.Release|Any CPU.Build.0 = Release|Any CPU
		{47093D3C-5177-4309-AF65-C6CA3AA18F9D}.Release|x64.ActiveCfg = Release|Any CPU
		{47093D3C-5177-4309-AF65-C6CA3AA18F9D}.Release|x64.Build.0 = Release|Any CPU
		{47093D3C-5177-4309-AF65-C6CA3AA18F9D}.Release|x86.ActiveCfg = Release|Any CPU
		{47093D3C-5177-4309-AF65-C6CA3AA18F9D}.Release|x86.Build.0 = Release|Any CPU
		{6E8DD099-A666-44E2-B089-BBC6E9CD699C}.Debug|Any CPU.ActiveCfg = Debug|Any CPU
		{6E8DD099-A666-44E2-B089-BBC6E9CD699C}.Debug|Any CPU.Build.0 = Debug|Any CPU
		{6E8DD099-A666-44E2-B089-BBC6E9CD699C}.Debug|x64.ActiveCfg = Debug|Any CPU
		{6E8DD099-A666-44E2-B089-BBC6E9CD699C}.Debug|x64.Build.0 = Debug|Any CPU
		{6E8DD099-A666-44E2-B089-BBC6E9CD699C}.Debug|x86.ActiveCfg = Debug|Any CPU
		{6E8DD099-A666-44E2-B089-BBC6E9CD699C}.Debug|x86.Build.0 = Debug|Any CPU
		{6E8DD099-A666-44E2-B089-BBC6E9CD699C}.Release|Any CPU.ActiveCfg = Release|Any CPU
		{6E8DD099-A666-44E2-B089-BBC6E9CD699C}.Release|Any CPU.Build.0 = Release|Any CPU
		{6E8DD099-A666-44E2-B089-BBC6E9CD699C}.Release|x64.ActiveCfg = Release|Any CPU
		{6E8DD099-A666-44E2-B089-BBC6E9CD699C}.Release|x64.Build.0 = Release|Any CPU
		{6E8DD099-A666-44E2-B089-BBC6E9CD699C}.Release|x86.ActiveCfg = Release|Any CPU
		{6E8DD099-A666-44E2-B089-BBC6E9CD699C}.Release|x86.Build.0 = Release|Any CPU
		{EC65AF84-6009-4CC0-81F7-B758E663C387}.Debug|Any CPU.ActiveCfg = Debug|Any CPU
		{EC65AF84-6009-4CC0-81F7-B758E663C387}.Debug|Any CPU.Build.0 = Debug|Any CPU
		{EC65AF84-6009-4CC0-81F7-B758E663C387}.Debug|x64.ActiveCfg = Debug|Any CPU
		{EC65AF84-6009-4CC0-81F7-B758E663C387}.Debug|x64.Build.0 = Debug|Any CPU
		{EC65AF84-6009-4CC0-81F7-B758E663C387}.Debug|x86.ActiveCfg = Debug|Any CPU
		{EC65AF84-6009-4CC0-81F7-B758E663C387}.Debug|x86.Build.0 = Debug|Any CPU
		{EC65AF84-6009-4CC0-81F7-B758E663C387}.Release|Any CPU.ActiveCfg = Release|Any CPU
		{EC65AF84-6009-4CC0-81F7-B758E663C387}.Release|Any CPU.Build.0 = Release|Any CPU
		{EC65AF84-6009-4CC0-81F7-B758E663C387}.Release|x64.ActiveCfg = Release|Any CPU
		{EC65AF84-6009-4CC0-81F7-B758E663C387}.Release|x64.Build.0 = Release|Any CPU
		{EC65AF84-6009-4CC0-81F7-B758E663C387}.Release|x86.ActiveCfg = Release|Any CPU
		{EC65AF84-6009-4CC0-81F7-B758E663C387}.Release|x86.Build.0 = Release|Any CPU
		{886A74C9-52C9-4360-A78B-23DBBEDBC666}.Debug|Any CPU.ActiveCfg = Debug|Any CPU
		{886A74C9-52C9-4360-A78B-23DBBEDBC666}.Debug|Any CPU.Build.0 = Debug|Any CPU
		{886A74C9-52C9-4360-A78B-23DBBEDBC666}.Debug|x64.ActiveCfg = Debug|Any CPU
		{886A74C9-52C9-4360-A78B-23DBBEDBC666}.Debug|x64.Build.0 = Debug|Any CPU
		{886A74C9-52C9-4360-A78B-23DBBEDBC666}.Debug|x86.ActiveCfg = Debug|Any CPU
		{886A74C9-52C9-4360-A78B-23DBBEDBC666}.Debug|x86.Build.0 = Debug|Any CPU
		{886A74C9-52C9-4360-A78B-23DBBEDBC666}.Release|Any CPU.ActiveCfg = Release|Any CPU
		{886A74C9-52C9-4360-A78B-23DBBEDBC666}.Release|Any CPU.Build.0 = Release|Any CPU
		{886A74C9-52C9-4360-A78B-23DBBEDBC666}.Release|x64.ActiveCfg = Release|Any CPU
		{886A74C9-52C9-4360-A78B-23DBBEDBC666}.Release|x64.Build.0 = Release|Any CPU
		{886A74C9-52C9-4360-A78B-23DBBEDBC666}.Release|x86.ActiveCfg = Release|Any CPU
		{886A74C9-52C9-4360-A78B-23DBBEDBC666}.Release|x86.Build.0 = Release|Any CPU
		{EBEEFC46-CC5C-4A66-83E8-77B9D45AB934}.Debug|Any CPU.ActiveCfg = Debug|Any CPU
		{EBEEFC46-CC5C-4A66-83E8-77B9D45AB934}.Debug|Any CPU.Build.0 = Debug|Any CPU
		{EBEEFC46-CC5C-4A66-83E8-77B9D45AB934}.Debug|x64.ActiveCfg = Debug|Any CPU
		{EBEEFC46-CC5C-4A66-83E8-77B9D45AB934}.Debug|x64.Build.0 = Debug|Any CPU
		{EBEEFC46-CC5C-4A66-83E8-77B9D45AB934}.Debug|x86.ActiveCfg = Debug|Any CPU
		{EBEEFC46-CC5C-4A66-83E8-77B9D45AB934}.Debug|x86.Build.0 = Debug|Any CPU
		{EBEEFC46-CC5C-4A66-83E8-77B9D45AB934}.Release|Any CPU.ActiveCfg = Release|Any CPU
		{EBEEFC46-CC5C-4A66-83E8-77B9D45AB934}.Release|Any CPU.Build.0 = Release|Any CPU
		{EBEEFC46-CC5C-4A66-83E8-77B9D45AB934}.Release|x64.ActiveCfg = Release|Any CPU
		{EBEEFC46-CC5C-4A66-83E8-77B9D45AB934}.Release|x64.Build.0 = Release|Any CPU
		{EBEEFC46-CC5C-4A66-83E8-77B9D45AB934}.Release|x86.ActiveCfg = Release|Any CPU
		{EBEEFC46-CC5C-4A66-83E8-77B9D45AB934}.Release|x86.Build.0 = Release|Any CPU
		{B220B144-DD7E-4F00-8B09-C6F2CDBC70A1}.Debug|Any CPU.ActiveCfg = Debug|Any CPU
		{B220B144-DD7E-4F00-8B09-C6F2CDBC70A1}.Debug|Any CPU.Build.0 = Debug|Any CPU
		{B220B144-DD7E-4F00-8B09-C6F2CDBC70A1}.Debug|x64.ActiveCfg = Debug|Any CPU
		{B220B144-DD7E-4F00-8B09-C6F2CDBC70A1}.Debug|x64.Build.0 = Debug|Any CPU
		{B220B144-DD7E-4F00-8B09-C6F2CDBC70A1}.Debug|x86.ActiveCfg = Debug|Any CPU
		{B220B144-DD7E-4F00-8B09-C6F2CDBC70A1}.Debug|x86.Build.0 = Debug|Any CPU
		{B220B144-DD7E-4F00-8B09-C6F2CDBC70A1}.Release|Any CPU.ActiveCfg = Release|Any CPU
		{B220B144-DD7E-4F00-8B09-C6F2CDBC70A1}.Release|Any CPU.Build.0 = Release|Any CPU
		{B220B144-DD7E-4F00-8B09-C6F2CDBC70A1}.Release|x64.ActiveCfg = Release|Any CPU
		{B220B144-DD7E-4F00-8B09-C6F2CDBC70A1}.Release|x64.Build.0 = Release|Any CPU
		{B220B144-DD7E-4F00-8B09-C6F2CDBC70A1}.Release|x86.ActiveCfg = Release|Any CPU
		{B220B144-DD7E-4F00-8B09-C6F2CDBC70A1}.Release|x86.Build.0 = Release|Any CPU
		{3E78F930-208E-46BD-A7F8-5F80B3A33671}.Debug|Any CPU.ActiveCfg = Debug|Any CPU
		{3E78F930-208E-46BD-A7F8-5F80B3A33671}.Debug|Any CPU.Build.0 = Debug|Any CPU
		{3E78F930-208E-46BD-A7F8-5F80B3A33671}.Debug|x64.ActiveCfg = Debug|Any CPU
		{3E78F930-208E-46BD-A7F8-5F80B3A33671}.Debug|x64.Build.0 = Debug|Any CPU
		{3E78F930-208E-46BD-A7F8-5F80B3A33671}.Debug|x86.ActiveCfg = Debug|Any CPU
		{3E78F930-208E-46BD-A7F8-5F80B3A33671}.Debug|x86.Build.0 = Debug|Any CPU
		{3E78F930-208E-46BD-A7F8-5F80B3A33671}.Release|Any CPU.ActiveCfg = Release|Any CPU
		{3E78F930-208E-46BD-A7F8-5F80B3A33671}.Release|Any CPU.Build.0 = Release|Any CPU
		{3E78F930-208E-46BD-A7F8-5F80B3A33671}.Release|x64.ActiveCfg = Release|Any CPU
		{3E78F930-208E-46BD-A7F8-5F80B3A33671}.Release|x64.Build.0 = Release|Any CPU
		{3E78F930-208E-46BD-A7F8-5F80B3A33671}.Release|x86.ActiveCfg = Release|Any CPU
		{3E78F930-208E-46BD-A7F8-5F80B3A33671}.Release|x86.Build.0 = Release|Any CPU
		{6FEDE498-3FA2-459C-A6B5-559611143474}.Debug|Any CPU.ActiveCfg = Debug|Any CPU
		{6FEDE498-3FA2-459C-A6B5-559611143474}.Debug|Any CPU.Build.0 = Debug|Any CPU
		{6FEDE498-3FA2-459C-A6B5-559611143474}.Debug|x64.ActiveCfg = Debug|Any CPU
		{6FEDE498-3FA2-459C-A6B5-559611143474}.Debug|x64.Build.0 = Debug|Any CPU
		{6FEDE498-3FA2-459C-A6B5-559611143474}.Debug|x86.ActiveCfg = Debug|Any CPU
		{6FEDE498-3FA2-459C-A6B5-559611143474}.Debug|x86.Build.0 = Debug|Any CPU
		{6FEDE498-3FA2-459C-A6B5-559611143474}.Release|Any CPU.ActiveCfg = Release|Any CPU
		{6FEDE498-3FA2-459C-A6B5-559611143474}.Release|Any CPU.Build.0 = Release|Any CPU
		{6FEDE498-3FA2-459C-A6B5-559611143474}.Release|x64.ActiveCfg = Release|Any CPU
		{6FEDE498-3FA2-459C-A6B5-559611143474}.Release|x64.Build.0 = Release|Any CPU
		{6FEDE498-3FA2-459C-A6B5-559611143474}.Release|x86.ActiveCfg = Release|Any CPU
		{6FEDE498-3FA2-459C-A6B5-559611143474}.Release|x86.Build.0 = Release|Any CPU
		{E8BBAB69-E7ED-4086-9C2F-DBA9F96EC314}.Debug|Any CPU.ActiveCfg = Debug|Any CPU
		{E8BBAB69-E7ED-4086-9C2F-DBA9F96EC314}.Debug|Any CPU.Build.0 = Debug|Any CPU
		{E8BBAB69-E7ED-4086-9C2F-DBA9F96EC314}.Debug|x64.ActiveCfg = Debug|Any CPU
		{E8BBAB69-E7ED-4086-9C2F-DBA9F96EC314}.Debug|x64.Build.0 = Debug|Any CPU
		{E8BBAB69-E7ED-4086-9C2F-DBA9F96EC314}.Debug|x86.ActiveCfg = Debug|Any CPU
		{E8BBAB69-E7ED-4086-9C2F-DBA9F96EC314}.Debug|x86.Build.0 = Debug|Any CPU
		{E8BBAB69-E7ED-4086-9C2F-DBA9F96EC314}.Release|Any CPU.ActiveCfg = Release|Any CPU
		{E8BBAB69-E7ED-4086-9C2F-DBA9F96EC314}.Release|Any CPU.Build.0 = Release|Any CPU
		{E8BBAB69-E7ED-4086-9C2F-DBA9F96EC314}.Release|x64.ActiveCfg = Release|Any CPU
		{E8BBAB69-E7ED-4086-9C2F-DBA9F96EC314}.Release|x64.Build.0 = Release|Any CPU
		{E8BBAB69-E7ED-4086-9C2F-DBA9F96EC314}.Release|x86.ActiveCfg = Release|Any CPU
		{E8BBAB69-E7ED-4086-9C2F-DBA9F96EC314}.Release|x86.Build.0 = Release|Any CPU
	EndGlobalSection
	GlobalSection(SolutionProperties) = preSolution
		HideSolutionNode = FALSE
	EndGlobalSection
	GlobalSection(NestedProjects) = preSolution
		{BA701236-6842-4736-A7E6-14586ED65AF8} = {A22212B6-89D8-4046-98FF-3BEFE12CE427}
		{50E7F23C-ECD0-4923-B4CE-1383B752FF7D} = {A22212B6-89D8-4046-98FF-3BEFE12CE427}
		{4E4C25B7-245F-4456-A557-CC71749E0B97} = {9EF78E0C-6611-4F61-8D3D-6088C69C14D7}
		{A59D41F8-8150-4D71-B68C-EC425F67B3BB} = {A22212B6-89D8-4046-98FF-3BEFE12CE427}
		{C268584A-B383-430E-8157-F177A5D583D4} = {A59D41F8-8150-4D71-B68C-EC425F67B3BB}
		{996734D3-74E5-4C30-8447-A877CA6DF5CB} = {A59D41F8-8150-4D71-B68C-EC425F67B3BB}
		{FC1E941E-A7AB-4168-9673-902733129AEF} = {A59D41F8-8150-4D71-B68C-EC425F67B3BB}
		{DEBA95C8-56DF-4426-9EE2-EF79C885B8AF} = {A59D41F8-8150-4D71-B68C-EC425F67B3BB}
		{CA27EEF7-97F9-4586-8E71-02772B08BEDA} = {A59D41F8-8150-4D71-B68C-EC425F67B3BB}
		{5651A7A0-C4E2-4547-8F26-6D80A33B1D74} = {A22212B6-89D8-4046-98FF-3BEFE12CE427}
		{D88ACDE7-842A-486C-ADDB-687DF6C5FE6F} = {5651A7A0-C4E2-4547-8F26-6D80A33B1D74}
		{47093D3C-5177-4309-AF65-C6CA3AA18F9D} = {5651A7A0-C4E2-4547-8F26-6D80A33B1D74}
		{6E8DD099-A666-44E2-B089-BBC6E9CD699C} = {5651A7A0-C4E2-4547-8F26-6D80A33B1D74}
		{EC65AF84-6009-4CC0-81F7-B758E663C387} = {5651A7A0-C4E2-4547-8F26-6D80A33B1D74}
		{886A74C9-52C9-4360-A78B-23DBBEDBC666} = {5651A7A0-C4E2-4547-8F26-6D80A33B1D74}
		{017AC1CE-05D4-4277-B1AF-BBC64E328A31} = {A22212B6-89D8-4046-98FF-3BEFE12CE427}
		{EBEEFC46-CC5C-4A66-83E8-77B9D45AB934} = {017AC1CE-05D4-4277-B1AF-BBC64E328A31}
		{B220B144-DD7E-4F00-8B09-C6F2CDBC70A1} = {017AC1CE-05D4-4277-B1AF-BBC64E328A31}
		{3E78F930-208E-46BD-A7F8-5F80B3A33671} = {017AC1CE-05D4-4277-B1AF-BBC64E328A31}
		{6FEDE498-3FA2-459C-A6B5-559611143474} = {017AC1CE-05D4-4277-B1AF-BBC64E328A31}
		{E8BBAB69-E7ED-4086-9C2F-DBA9F96EC314} = {017AC1CE-05D4-4277-B1AF-BBC64E328A31}
	EndGlobalSection
EndGlobal
